{
  "version": 4,
  "terraform_version": "1.7.3",
  "serial": 130,
  "lineage": "16bef5d8-af3b-65be-713e-802f93c15a4d",
  "outputs": {},
  "resources": [
    {
      "module": "module.compute-vm",
      "mode": "managed",
      "type": "google_compute_address",
      "name": "static_ip",
      "provider": "provider[\"registry.terraform.io/hashicorp/google\"]",
      "instances": [
        {
          "schema_version": 0,
          "attributes": {
            "address": "34.132.250.95",
            "address_type": "EXTERNAL",
            "creation_timestamp": "2024-03-05T01:27:03.194-08:00",
            "description": "",
            "id": "projects/sql101-415814/regions/us-central1/addresses/mysql-client-static-ip",
            "name": "mysql-client-static-ip",
            "network": "",
            "network_tier": "PREMIUM",
            "prefix_length": 0,
            "project": "sql101-415814",
            "purpose": "",
            "region": "us-central1",
            "self_link": "https://www.googleapis.com/compute/v1/projects/sql101-415814/regions/us-central1/addresses/mysql-client-static-ip",
            "subnetwork": "",
            "timeouts": null,
            "users": []
          },
          "sensitive_attributes": [],
          "private": "eyJlMmJmYjczMC1lY2FhLTExZTYtOGY4OC0zNDM2M2JjN2M0YzAiOnsiY3JlYXRlIjoxMjAwMDAwMDAwMDAwLCJkZWxldGUiOjEyMDAwMDAwMDAwMDB9fQ=="
        }
      ]
    },
    {
      "module": "module.compute-vm",
      "mode": "managed",
      "type": "google_compute_firewall",
      "name": "http-rule",
      "provider": "provider[\"registry.terraform.io/hashicorp/google\"]",
      "instances": [
        {
          "schema_version": 1,
          "attributes": {
            "allow": [
              {
                "ports": [
                  "80"
                ],
                "protocol": "tcp"
              }
            ],
            "creation_timestamp": "2024-03-04T02:57:21.349-08:00",
            "deny": [],
            "description": "",
            "destination_ranges": [],
            "direction": "INGRESS",
            "disabled": false,
            "enable_logging": null,
            "id": "projects/sql101-415814/global/firewalls/allow-http",
            "log_config": [],
            "name": "allow-http",
            "network": "https://www.googleapis.com/compute/v1/projects/sql101-415814/global/networks/mysql-server-vpc",
            "priority": 1000,
            "project": "sql101-415814",
            "self_link": "https://www.googleapis.com/compute/v1/projects/sql101-415814/global/firewalls/allow-http",
            "source_ranges": [
              "0.0.0.0/0"
            ],
            "source_service_accounts": [],
            "source_tags": [],
            "target_service_accounts": [],
            "target_tags": [
              "allow-http"
            ],
            "timeouts": null
          },
          "sensitive_attributes": [],
          "private": "eyJlMmJmYjczMC1lY2FhLTExZTYtOGY4OC0zNDM2M2JjN2M0YzAiOnsiY3JlYXRlIjoxMjAwMDAwMDAwMDAwLCJkZWxldGUiOjEyMDAwMDAwMDAwMDAsInVwZGF0ZSI6MTIwMDAwMDAwMDAwMH0sInNjaGVtYV92ZXJzaW9uIjoiMSJ9",
          "dependencies": [
            "module.mysql-server-vpc.google_compute_network.nw1"
          ]
        }
      ]
    },
    {
      "module": "module.compute-vm",
      "mode": "managed",
      "type": "google_compute_firewall",
      "name": "mysql-rule",
      "provider": "provider[\"registry.terraform.io/hashicorp/google\"]",
      "instances": [
        {
          "schema_version": 1,
          "attributes": {
            "allow": [
              {
                "ports": [
                  "3306",
                  "33060"
                ],
                "protocol": "tcp"
              }
            ],
            "creation_timestamp": "2024-03-04T02:57:21.164-08:00",
            "deny": [],
            "description": "",
            "destination_ranges": [],
            "direction": "INGRESS",
            "disabled": false,
            "enable_logging": null,
            "id": "projects/sql101-415814/global/firewalls/allow-mysql",
            "log_config": [],
            "name": "allow-mysql",
            "network": "https://www.googleapis.com/compute/v1/projects/sql101-415814/global/networks/mysql-server-vpc",
            "priority": 1000,
            "project": "sql101-415814",
            "self_link": "https://www.googleapis.com/compute/v1/projects/sql101-415814/global/firewalls/allow-mysql",
            "source_ranges": [
              "0.0.0.0/0"
            ],
            "source_service_accounts": [],
            "source_tags": [],
            "target_service_accounts": [],
            "target_tags": [
              "allow-mysql"
            ],
            "timeouts": null
          },
          "sensitive_attributes": [],
          "private": "eyJlMmJmYjczMC1lY2FhLTExZTYtOGY4OC0zNDM2M2JjN2M0YzAiOnsiY3JlYXRlIjoxMjAwMDAwMDAwMDAwLCJkZWxldGUiOjEyMDAwMDAwMDAwMDAsInVwZGF0ZSI6MTIwMDAwMDAwMDAwMH0sInNjaGVtYV92ZXJzaW9uIjoiMSJ9",
          "dependencies": [
            "module.mysql-server-vpc.google_compute_network.nw1"
          ]
        }
      ]
    },
    {
      "module": "module.compute-vm",
      "mode": "managed",
      "type": "google_compute_firewall",
      "name": "ssh-rule",
      "provider": "provider[\"registry.terraform.io/hashicorp/google\"]",
      "instances": [
        {
          "schema_version": 1,
          "attributes": {
            "allow": [
              {
                "ports": [
                  "22"
                ],
                "protocol": "tcp"
              }
            ],
            "creation_timestamp": "2024-03-04T02:57:20.853-08:00",
            "deny": [],
            "description": "",
            "destination_ranges": [],
            "direction": "INGRESS",
            "disabled": false,
            "enable_logging": null,
            "id": "projects/sql101-415814/global/firewalls/allow-ssh",
            "log_config": [],
            "name": "allow-ssh",
            "network": "https://www.googleapis.com/compute/v1/projects/sql101-415814/global/networks/mysql-server-vpc",
            "priority": 1000,
            "project": "sql101-415814",
            "self_link": "https://www.googleapis.com/compute/v1/projects/sql101-415814/global/firewalls/allow-ssh",
            "source_ranges": [
              "0.0.0.0/0"
            ],
            "source_service_accounts": [],
            "source_tags": [],
            "target_service_accounts": [],
            "target_tags": [
              "allow-ssh"
            ],
            "timeouts": null
          },
          "sensitive_attributes": [],
          "private": "eyJlMmJmYjczMC1lY2FhLTExZTYtOGY4OC0zNDM2M2JjN2M0YzAiOnsiY3JlYXRlIjoxMjAwMDAwMDAwMDAwLCJkZWxldGUiOjEyMDAwMDAwMDAwMDAsInVwZGF0ZSI6MTIwMDAwMDAwMDAwMH0sInNjaGVtYV92ZXJzaW9uIjoiMSJ9",
          "dependencies": [
            "module.mysql-server-vpc.google_compute_network.nw1"
          ]
        }
      ]
    },
    {
      "module": "module.compute-vm",
      "mode": "managed",
      "type": "google_compute_instance",
      "name": "vm-instance",
      "provider": "provider[\"registry.terraform.io/hashicorp/google\"]",
      "instances": [
        {
          "schema_version": 6,
          "attributes": {
            "advanced_machine_features": [],
            "allow_stopping_for_update": null,
            "attached_disk": [],
            "boot_disk": [
              {
                "auto_delete": true,
                "device_name": "mysql-client-disk",
                "disk_encryption_key_raw": "",
                "disk_encryption_key_sha256": "",
                "initialize_params": [
                  {
                    "image": "https://www.googleapis.com/compute/v1/projects/ubuntu-os-cloud/global/images/ubuntu-2004-focal-v20240229",
                    "labels": {},
                    "size": 10,
                    "type": "pd-standard"
                  }
                ],
                "kms_key_self_link": "",
                "mode": "READ_WRITE",
                "source": "https://www.googleapis.com/compute/v1/projects/sql101-415814/zones/us-central1-a/disks/mysql-client"
              }
            ],
            "can_ip_forward": false,
            "confidential_instance_config": [],
            "cpu_platform": "Intel Broadwell",
            "current_status": "RUNNING",
            "deletion_protection": false,
            "description": "",
            "desired_status": null,
            "enable_display": false,
            "guest_accelerator": [],
            "hostname": "",
            "id": "projects/sql101-415814/zones/us-central1-a/instances/mysql-client",
            "instance_id": "91910598174661461",
            "label_fingerprint": "u__a2NSF3Cs=",
            "labels": {
              "goog-ec-src": "vm_add-tf"
            },
            "machine_type": "e2-small",
            "metadata": null,
            "metadata_fingerprint": "6hps6K4aNRE=",
            "metadata_startup_script": null,
            "min_cpu_platform": "",
            "name": "mysql-client",
            "network_interface": [
              {
                "access_config": [
                  {
                    "nat_ip": "34.132.250.95",
                    "network_tier": "PREMIUM",
                    "public_ptr_domain_name": ""
                  }
                ],
                "alias_ip_range": [],
                "ipv6_access_config": [],
                "ipv6_access_type": "",
                "name": "nic0",
                "network": "https://www.googleapis.com/compute/v1/projects/sql101-415814/global/networks/mysql-server-vpc",
                "network_ip": "10.128.0.2",
                "nic_type": "",
                "queue_count": 0,
                "stack_type": "IPV4_ONLY",
                "subnetwork": "https://www.googleapis.com/compute/v1/projects/sql101-415814/regions/us-central1/subnetworks/mysql-server-vpc",
                "subnetwork_project": "sql101-415814"
              }
            ],
            "project": "sql101-415814",
            "reservation_affinity": [],
            "resource_policies": null,
            "scheduling": [
              {
                "automatic_restart": true,
                "instance_termination_action": "",
                "min_node_cpus": 0,
                "node_affinities": [],
                "on_host_maintenance": "MIGRATE",
                "preemptible": false,
                "provisioning_model": "STANDARD"
              }
            ],
            "scratch_disk": [],
            "self_link": "https://www.googleapis.com/compute/v1/projects/sql101-415814/zones/us-central1-a/instances/mysql-client",
            "service_account": [],
            "shielded_instance_config": [
              {
                "enable_integrity_monitoring": true,
                "enable_secure_boot": false,
                "enable_vtpm": true
              }
            ],
            "tags": [
              "allow-ssh",
              "http-server",
              "https-server",
              "mysql-client"
            ],
            "tags_fingerprint": "a1jAj-Be5Ys=",
            "timeouts": null,
            "zone": "us-central1-a"
          },
          "sensitive_attributes": [],
          "private": "eyJlMmJmYjczMC1lY2FhLTExZTYtOGY4OC0zNDM2M2JjN2M0YzAiOnsiY3JlYXRlIjoxMjAwMDAwMDAwMDAwLCJkZWxldGUiOjEyMDAwMDAwMDAwMDAsInVwZGF0ZSI6MTIwMDAwMDAwMDAwMH0sInNjaGVtYV92ZXJzaW9uIjoiNiJ9",
          "dependencies": [
            "module.compute-vm.google_compute_address.static_ip",
            "module.mysql-server-vpc.google_compute_network.nw1"
          ]
        }
      ]
    },
    {
      "module": "module.compute-vm.module.ssh_access",
      "mode": "managed",
      "type": "local_file",
      "name": "ssh_private_key_pem",
      "provider": "provider[\"registry.terraform.io/hashicorp/local\"]",
      "instances": [
        {
          "schema_version": 0,
          "attributes": {
            "content": "-----BEGIN RSA PRIVATE KEY-----\nMIIJKAIBAAKCAgEA57DJB8W73XqEzcUQrMliWUMuPmmzUlkDMH/MY3eqSjWvZrWc\n16HfKN4gIORIYvOh+6/wYwd6Tx8RPa6CiEVEYlzhLXug/mz5fyK6Q5kgSrWMEOrp\nDf2QsTrX+/Q6d1L7vsvFAsS8CcBi+bh29WzYNiU1oAhppx2+i7ekv9uYlgV7+plT\na64ekyUN5dRTDcxWGi9I3ZS6zHC9mbss4givl+d5BilXtVHKFRwZiMslVFFmi+3B\nY/pxf35vEGbINnLwN7C52rphu6qrpiucNfKqxiI57jKco/DBcDl/WcyJOt8+L6Oe\nriCXkkPRAgWrbaAxD/f6/Xjkzs1xNo6JWJNWF8itDc6R75B9uzlfna2L5vJtO4t0\ncftbfJ29Ha7L+3DkUi3MHR+C1YLrEHtqktP6ATdZ7H2GbdoLESR2wDiJY6Vu46gS\nrBNpRpNYEBMWNuDL5PYLenK9MlaGD1stDbfvVzh9owxeu11pRw8gKWFKWNvV7Erh\nkXR65VKM3/GHvPHwLPz6UyitRBr6k97aZmpkceN0VZHONZVfDimAcwblHB5kYiOf\n96N2vINc3dGhOAQUFWg9W6CGk+6QalIvY8UwqIlSdUsGnVc/bFdUBG8+LXkP0VN2\nJv2QZuUR2LZWhGRDbTBQFord562QprQ9SLcCAs7qB2OhJoDC2GMhFLYSLF8CAwEA\nAQKCAgBGOl7lHTmRq6Z/nMEuLqjB98wXnQB+8H44ADTa3ZXfgqBVGK2e6vDyuUmx\nzqBmZgTufmj2C3k2bGtUcAYe+if9TLvwhm3JUQzbTZJ6FPslyhvXsOzNkdN+9SAs\nvd3O93dZYPipmyqIJimaGiDsyX5MA0Fa7dHglvJ/9T1Z7l009BqdXkZb+F5KKcwp\now89undK3pROndt1RqMh6wtyxEE9YStdA8ETM+R2O5s9zJ3XDglwVrPs8yfeBlvx\n88WyQ2qu5sGfHCmtsdDvwH5MF+9NuWgn3G2Af+SSeMsyU/4wuyRlWkop67Ul36qF\n22QYCZt1hKwukquAR+OOLuxQzfAlF8k+IbhHAS3lhuRnuDYA3G6b91/tFBPYWeos\nmjGUIxTk6tE1UTyEh0596NrJu8uCUA0+npxlNl+GS8Df1UmZeakBH+xhDn79XLo7\nW61ra0O7qDmUBZmIDZdcx+yHNnXRv5xeT0CbAACL1/hVXuGfj+FDFcMucq1DxPqJ\nY0NH8gEXQIfQWCAxLljuqKiXdf84mWXPL78dq+U/q1+NVZBJj6juBbicPXYuemxa\nUw7fzQrTHGnA5D/HbTxS1MlRLLwvvx9dKLZPA7rptZLsMGsGnBJLtpkRNil16rkD\noUVTTaY9GFK+gizi6S9QRuocf6Njf7C2Q5LTpKBCJGSWiVKPEQKCAQEA8yaXvxO1\nn6sZxsCxGmV9R9G5QXf8rWBLEtvG+/+qDyUgyWr+9GMz+wKm+uucgeqcJkDS+6Jz\nlwDjW8hDxahqySt/HChKpoBRaxACS2sKJMqF7EaKirVgvgn8cwLuwolwZ6c/tngw\n64CaIGGcJvVYJseQt7jgOyD5GObVqfU5niUNymwZ4YvN03XuaFZ6g6v0coJsJKKI\nBdiHR210wT1dnEORA1+VQv1O2xq2N/ZghiycPzYmAwVX0QBokrhiJaN7XhsUdBSB\nSMlU3SM8iLWa7J9k12cKeYn39WLu0XCf9XjRb70ZW6ySAnpT+gQNzBXXwGiWlL2V\nsh5UpSYbnUs72QKCAQEA8+8n90KgqDFnxK+eJkjLWByeWByXr+J4g6TT3XBW1l+p\nZkJeJYhhIwqIuP8TuJyVTvYXBaWbWimTaDhlJaDtRYszqslJe6bwfvOhTGhQ2Qmr\n5Y3HE/5qa7xWInYWhIvZ4nPUUhZL9gTtAAK4LWtbIPYKWQxP+wvfl8IhCmOgoO86\nV6S53XAHsG39rf2WA8jwYpizWHHHHYqHB5xzGqFm9G3vzS/MmnXYtu0NYgGCMaTR\n3whnbGWSFZoBms/3OQfknHChrE8/U+Jp/9IJ7dZvbifsolleYM8o+G81bxlAoGmI\ntf7773LWjNarGnv+B6YqEDeFgEBZYydOwVw4Gjge9wKCAQEAqR9ezPjYi4ZnF2dP\nyBxvV1T4liDvD2i6zxMvBHh/wKkCdRaG31VhAmaF3mGjKnoUwka0eXI1FAL6IQza\nltDd9a7baqpbwhPejalE71A0bgKvw/gMxQ4DjCtF/Hk9uPH/zRj3p+NRo3x/t6Yt\nBqv/9Hk6n49n57i3iiqE0wJOYUFEplcqaUbkkwCkIs6DyLICBOPSdGjYU7iX34ay\nfvY/9kDIzJ/fIgkuoBekRqiH2suMoir3pYJB4o12LxcwrR1Y4cvUHillA0uGS4oG\nwNAQQiVb7rctAfyFC5kUo3jCyeqPQjk1Oh5+MFsFrhDDyAApYRteIXb8eDfAiF5J\nNs7tgQKCAQBtuh6YMvhhsBelefoB7qzJrdXsfLAfBhh/3x0OdwIY3F8vCJug9n/7\nazmlPdh5KrZfFoO0npILNLiCIRwemQ0iQ0Oyh2junmGAOcdMv3/eoWMZl3T9oWvt\nmoKEbeojJWWVX9UaN71jpUOWxaJji+8qHIL7G3a+ztB9S23hZn9S5UmxMwAIg+Rx\nkIiUQ4W/nhvDvjyuhD+1IiMrYUzFpeTR/sHn4qB+upQJdQiYFWWjPyjI0tbzA516\n6hPet73VgZ9sX53aDKvH6AkWcjzVJ6hoPL1NKjYyBf3AAwZeO1W+0roUY+agB2BL\naiT9fNkAR9aUBOWgk1GiMIRUpk72PFhxAoIBAEk8nmH2vmfTw/auiuBt33K8+1ap\nMYmNjUY5ENNGY6RLozlAV/KH5dWR3pua1fEFsKcWzySLF41V7Qdu4tyZdlyMKZYd\nznLoPhBf3512ZajhBza0ZYobpRZYL3mtHir89Gp+zEP6m8pmzHC0QXRiNMAS3l/w\n/b9zVgF764kuK7OLEiMMxyBCUGZqzh7DYRnOIVtHOVt0gWrfeMukZKzDCPEAiqec\nopjBMs1Gkx0XWZOD/B1lm3RzOYnGnVHusrn1Gx8E0FYDUimo0NEQtkAwlhQdLXr8\nq2x6o0eYrTc6gTggIJrOanrUcPflt1qW0L9+YH3dhhzayxaX1KffFWi5J4Q=\n-----END RSA PRIVATE KEY-----\n",
            "content_base64": null,
            "content_base64sha256": "l9eHHyAbH2piDWwrmKa8DN4FgYL5+JXPgx5/dppOAX4=",
            "content_base64sha512": "ZS9RNYifJiI/SPS/Zd9DfI7/oc9sblExZRGcYujn8eMAwPqmeNaidauqfmuTmXX/cVt/TZCLo4/y0Tq1AoMqUg==",
            "content_md5": "fa0d9db40d664823a2eaa0fd162792c5",
            "content_sha1": "29b78fb699b98a88350eb02e9a07f2b04e0d2a9a",
            "content_sha256": "97d7871f201b1f6a620d6c2b98a6bc0cde058182f9f895cf831e7f769a4e017e",
            "content_sha512": "652f5135889f26223f48f4bf65df437c8effa1cf6c6e513165119c62e8e7f1e300c0faa678d6a275abaa7e6b939975ff715b7f4d908ba38ff2d13ab502832a52",
            "directory_permission": "0777",
            "file_permission": "0600",
            "filename": "../.credentials/gcp",
            "id": "29b78fb699b98a88350eb02e9a07f2b04e0d2a9a",
            "sensitive_content": null,
            "source": null
          },
          "sensitive_attributes": [
            [
              {
                "type": "get_attr",
                "value": "content"
              }
            ]
          ],
          "dependencies": [
            "module.compute-vm.module.ssh_access.tls_private_key.ssh"
          ]
        }
      ]
    },
    {
      "module": "module.compute-vm.module.ssh_access",
      "mode": "managed",
      "type": "tls_private_key",
      "name": "ssh",
      "provider": "provider[\"registry.terraform.io/hashicorp/tls\"]",
      "instances": [
        {
          "schema_version": 0,
          "attributes": {
            "algorithm": "RSA",
            "ecdsa_curve": "P224",
            "id": "b85503fcacfd7c13671599cfa295b64518213ef1",
            "private_key_pem": "-----BEGIN RSA PRIVATE KEY-----\nMIIJKAIBAAKCAgEA57DJB8W73XqEzcUQrMliWUMuPmmzUlkDMH/MY3eqSjWvZrWc\n16HfKN4gIORIYvOh+6/wYwd6Tx8RPa6CiEVEYlzhLXug/mz5fyK6Q5kgSrWMEOrp\nDf2QsTrX+/Q6d1L7vsvFAsS8CcBi+bh29WzYNiU1oAhppx2+i7ekv9uYlgV7+plT\na64ekyUN5dRTDcxWGi9I3ZS6zHC9mbss4givl+d5BilXtVHKFRwZiMslVFFmi+3B\nY/pxf35vEGbINnLwN7C52rphu6qrpiucNfKqxiI57jKco/DBcDl/WcyJOt8+L6Oe\nriCXkkPRAgWrbaAxD/f6/Xjkzs1xNo6JWJNWF8itDc6R75B9uzlfna2L5vJtO4t0\ncftbfJ29Ha7L+3DkUi3MHR+C1YLrEHtqktP6ATdZ7H2GbdoLESR2wDiJY6Vu46gS\nrBNpRpNYEBMWNuDL5PYLenK9MlaGD1stDbfvVzh9owxeu11pRw8gKWFKWNvV7Erh\nkXR65VKM3/GHvPHwLPz6UyitRBr6k97aZmpkceN0VZHONZVfDimAcwblHB5kYiOf\n96N2vINc3dGhOAQUFWg9W6CGk+6QalIvY8UwqIlSdUsGnVc/bFdUBG8+LXkP0VN2\nJv2QZuUR2LZWhGRDbTBQFord562QprQ9SLcCAs7qB2OhJoDC2GMhFLYSLF8CAwEA\nAQKCAgBGOl7lHTmRq6Z/nMEuLqjB98wXnQB+8H44ADTa3ZXfgqBVGK2e6vDyuUmx\nzqBmZgTufmj2C3k2bGtUcAYe+if9TLvwhm3JUQzbTZJ6FPslyhvXsOzNkdN+9SAs\nvd3O93dZYPipmyqIJimaGiDsyX5MA0Fa7dHglvJ/9T1Z7l009BqdXkZb+F5KKcwp\now89undK3pROndt1RqMh6wtyxEE9YStdA8ETM+R2O5s9zJ3XDglwVrPs8yfeBlvx\n88WyQ2qu5sGfHCmtsdDvwH5MF+9NuWgn3G2Af+SSeMsyU/4wuyRlWkop67Ul36qF\n22QYCZt1hKwukquAR+OOLuxQzfAlF8k+IbhHAS3lhuRnuDYA3G6b91/tFBPYWeos\nmjGUIxTk6tE1UTyEh0596NrJu8uCUA0+npxlNl+GS8Df1UmZeakBH+xhDn79XLo7\nW61ra0O7qDmUBZmIDZdcx+yHNnXRv5xeT0CbAACL1/hVXuGfj+FDFcMucq1DxPqJ\nY0NH8gEXQIfQWCAxLljuqKiXdf84mWXPL78dq+U/q1+NVZBJj6juBbicPXYuemxa\nUw7fzQrTHGnA5D/HbTxS1MlRLLwvvx9dKLZPA7rptZLsMGsGnBJLtpkRNil16rkD\noUVTTaY9GFK+gizi6S9QRuocf6Njf7C2Q5LTpKBCJGSWiVKPEQKCAQEA8yaXvxO1\nn6sZxsCxGmV9R9G5QXf8rWBLEtvG+/+qDyUgyWr+9GMz+wKm+uucgeqcJkDS+6Jz\nlwDjW8hDxahqySt/HChKpoBRaxACS2sKJMqF7EaKirVgvgn8cwLuwolwZ6c/tngw\n64CaIGGcJvVYJseQt7jgOyD5GObVqfU5niUNymwZ4YvN03XuaFZ6g6v0coJsJKKI\nBdiHR210wT1dnEORA1+VQv1O2xq2N/ZghiycPzYmAwVX0QBokrhiJaN7XhsUdBSB\nSMlU3SM8iLWa7J9k12cKeYn39WLu0XCf9XjRb70ZW6ySAnpT+gQNzBXXwGiWlL2V\nsh5UpSYbnUs72QKCAQEA8+8n90KgqDFnxK+eJkjLWByeWByXr+J4g6TT3XBW1l+p\nZkJeJYhhIwqIuP8TuJyVTvYXBaWbWimTaDhlJaDtRYszqslJe6bwfvOhTGhQ2Qmr\n5Y3HE/5qa7xWInYWhIvZ4nPUUhZL9gTtAAK4LWtbIPYKWQxP+wvfl8IhCmOgoO86\nV6S53XAHsG39rf2WA8jwYpizWHHHHYqHB5xzGqFm9G3vzS/MmnXYtu0NYgGCMaTR\n3whnbGWSFZoBms/3OQfknHChrE8/U+Jp/9IJ7dZvbifsolleYM8o+G81bxlAoGmI\ntf7773LWjNarGnv+B6YqEDeFgEBZYydOwVw4Gjge9wKCAQEAqR9ezPjYi4ZnF2dP\nyBxvV1T4liDvD2i6zxMvBHh/wKkCdRaG31VhAmaF3mGjKnoUwka0eXI1FAL6IQza\nltDd9a7baqpbwhPejalE71A0bgKvw/gMxQ4DjCtF/Hk9uPH/zRj3p+NRo3x/t6Yt\nBqv/9Hk6n49n57i3iiqE0wJOYUFEplcqaUbkkwCkIs6DyLICBOPSdGjYU7iX34ay\nfvY/9kDIzJ/fIgkuoBekRqiH2suMoir3pYJB4o12LxcwrR1Y4cvUHillA0uGS4oG\nwNAQQiVb7rctAfyFC5kUo3jCyeqPQjk1Oh5+MFsFrhDDyAApYRteIXb8eDfAiF5J\nNs7tgQKCAQBtuh6YMvhhsBelefoB7qzJrdXsfLAfBhh/3x0OdwIY3F8vCJug9n/7\nazmlPdh5KrZfFoO0npILNLiCIRwemQ0iQ0Oyh2junmGAOcdMv3/eoWMZl3T9oWvt\nmoKEbeojJWWVX9UaN71jpUOWxaJji+8qHIL7G3a+ztB9S23hZn9S5UmxMwAIg+Rx\nkIiUQ4W/nhvDvjyuhD+1IiMrYUzFpeTR/sHn4qB+upQJdQiYFWWjPyjI0tbzA516\n6hPet73VgZ9sX53aDKvH6AkWcjzVJ6hoPL1NKjYyBf3AAwZeO1W+0roUY+agB2BL\naiT9fNkAR9aUBOWgk1GiMIRUpk72PFhxAoIBAEk8nmH2vmfTw/auiuBt33K8+1ap\nMYmNjUY5ENNGY6RLozlAV/KH5dWR3pua1fEFsKcWzySLF41V7Qdu4tyZdlyMKZYd\nznLoPhBf3512ZajhBza0ZYobpRZYL3mtHir89Gp+zEP6m8pmzHC0QXRiNMAS3l/w\n/b9zVgF764kuK7OLEiMMxyBCUGZqzh7DYRnOIVtHOVt0gWrfeMukZKzDCPEAiqec\nopjBMs1Gkx0XWZOD/B1lm3RzOYnGnVHusrn1Gx8E0FYDUimo0NEQtkAwlhQdLXr8\nq2x6o0eYrTc6gTggIJrOanrUcPflt1qW0L9+YH3dhhzayxaX1KffFWi5J4Q=\n-----END RSA PRIVATE KEY-----\n",
            "public_key_fingerprint_md5": "d7:d3:7a:d8:4a:42:77:74:14:9e:fe:8d:41:84:1c:30",
            "public_key_openssh": "ssh-rsa AAAAB3NzaC1yc2EAAAADAQABAAACAQDnsMkHxbvdeoTNxRCsyWJZQy4+abNSWQMwf8xjd6pKNa9mtZzXod8o3iAg5Ehi86H7r/BjB3pPHxE9roKIRURiXOEte6D+bPl/IrpDmSBKtYwQ6ukN/ZCxOtf79Dp3Uvu+y8UCxLwJwGL5uHb1bNg2JTWgCGmnHb6Lt6S/25iWBXv6mVNrrh6TJQ3l1FMNzFYaL0jdlLrMcL2ZuyziCK+X53kGKVe1UcoVHBmIyyVUUWaL7cFj+nF/fm8QZsg2cvA3sLnaumG7qqumK5w18qrGIjnuMpyj8MFwOX9ZzIk63z4vo56uIJeSQ9ECBattoDEP9/r9eOTOzXE2jolYk1YXyK0NzpHvkH27OV+drYvm8m07i3Rx+1t8nb0drsv7cORSLcwdH4LVgusQe2qS0/oBN1nsfYZt2gsRJHbAOIljpW7jqBKsE2lGk1gQExY24Mvk9gt6cr0yVoYPWy0Nt+9XOH2jDF67XWlHDyApYUpY29XsSuGRdHrlUozf8Ye88fAs/PpTKK1EGvqT3tpmamRx43RVkc41lV8OKYBzBuUcHmRiI5/3o3a8g1zd0aE4BBQVaD1boIaT7pBqUi9jxTCoiVJ1SwadVz9sV1QEbz4teQ/RU3Ym/ZBm5RHYtlaEZENtMFAWit3nrZCmtD1ItwICzuoHY6EmgMLYYyEUthIsXw==\n",
            "public_key_pem": "-----BEGIN PUBLIC KEY-----\nMIICIjANBgkqhkiG9w0BAQEFAAOCAg8AMIICCgKCAgEA57DJB8W73XqEzcUQrMli\nWUMuPmmzUlkDMH/MY3eqSjWvZrWc16HfKN4gIORIYvOh+6/wYwd6Tx8RPa6CiEVE\nYlzhLXug/mz5fyK6Q5kgSrWMEOrpDf2QsTrX+/Q6d1L7vsvFAsS8CcBi+bh29WzY\nNiU1oAhppx2+i7ekv9uYlgV7+plTa64ekyUN5dRTDcxWGi9I3ZS6zHC9mbss4giv\nl+d5BilXtVHKFRwZiMslVFFmi+3BY/pxf35vEGbINnLwN7C52rphu6qrpiucNfKq\nxiI57jKco/DBcDl/WcyJOt8+L6OeriCXkkPRAgWrbaAxD/f6/Xjkzs1xNo6JWJNW\nF8itDc6R75B9uzlfna2L5vJtO4t0cftbfJ29Ha7L+3DkUi3MHR+C1YLrEHtqktP6\nATdZ7H2GbdoLESR2wDiJY6Vu46gSrBNpRpNYEBMWNuDL5PYLenK9MlaGD1stDbfv\nVzh9owxeu11pRw8gKWFKWNvV7ErhkXR65VKM3/GHvPHwLPz6UyitRBr6k97aZmpk\nceN0VZHONZVfDimAcwblHB5kYiOf96N2vINc3dGhOAQUFWg9W6CGk+6QalIvY8Uw\nqIlSdUsGnVc/bFdUBG8+LXkP0VN2Jv2QZuUR2LZWhGRDbTBQFord562QprQ9SLcC\nAs7qB2OhJoDC2GMhFLYSLF8CAwEAAQ==\n-----END PUBLIC KEY-----\n",
            "rsa_bits": 4096
          },
          "sensitive_attributes": [],
          "private": "bnVsbA=="
        }
      ]
    },
    {
      "module": "module.mysql-instance",
      "mode": "managed",
      "type": "google_sql_database",
      "name": "database",
      "provider": "provider[\"registry.terraform.io/hashicorp/google\"]",
      "instances": [
        {
          "schema_version": 0,
          "attributes": {
            "charset": "utf8mb4",
            "collation": "utf8mb4_0900_ai_ci",
            "deletion_policy": "DELETE",
            "id": "projects/sql101-415814/instances/sql101-master/databases/sql101",
            "instance": "sql101-master",
            "name": "sql101",
            "project": "sql101-415814",
            "self_link": "https://sqladmin.googleapis.com/sql/v1beta4/projects/sql101-415814/instances/sql101-master/databases/sql101",
            "timeouts": null
          },
          "sensitive_attributes": [],
          "private": "eyJlMmJmYjczMC1lY2FhLTExZTYtOGY4OC0zNDM2M2JjN2M0YzAiOnsiY3JlYXRlIjoxMjAwMDAwMDAwMDAwLCJkZWxldGUiOjEyMDAwMDAwMDAwMDAsInVwZGF0ZSI6MTIwMDAwMDAwMDAwMH19",
          "dependencies": [
            "module.mysql-instance.google_sql_database_instance.instance"
          ]
        }
      ]
    },
    {
      "module": "module.mysql-instance",
      "mode": "managed",
      "type": "google_sql_database_instance",
      "name": "instance",
      "provider": "provider[\"registry.terraform.io/hashicorp/google\"]",
      "instances": [
        {
          "schema_version": 0,
          "attributes": {
            "available_maintenance_versions": [],
            "clone": [],
            "connection_name": "sql101-415814:us-central1:sql101-master",
            "database_version": "MYSQL_8_0",
            "deletion_protection": false,
            "encryption_key_name": null,
            "first_ip_address": "34.136.98.196",
            "id": "sql101-master",
            "instance_type": "CLOUD_SQL_INSTANCE",
            "ip_address": [
              {
                "ip_address": "34.136.98.196",
                "time_to_retire": "",
                "type": "PRIMARY"
              }
            ],
            "maintenance_version": "MYSQL_8_0_31.R20240207.00_07",
            "master_instance_name": "",
            "name": "sql101-master",
            "private_ip_address": "",
            "project": "sql101-415814",
            "public_ip_address": "34.136.98.196",
            "region": "us-central1",
            "replica_configuration": [],
            "restore_backup_context": [],
            "root_password": null,
            "self_link": "https://sqladmin.googleapis.com/sql/v1beta4/projects/sql101-415814/instances/sql101-master",
            "server_ca_cert": [
              {
                "cert": "-----BEGIN CERTIFICATE-----\nMIIDfzCCAmegAwIBAgIBADANBgkqhkiG9w0BAQsFADB3MS0wKwYDVQQuEyQ3ZmFj\nMmFiZC1kNzRhLTRjYjEtODRjMS1hODAzYzQ0ZDc2MWExIzAhBgNVBAMTGkdvb2ds\nZSBDbG91ZCBTUUwgU2VydmVyIENBMRQwEgYDVQQKEwtHb29nbGUsIEluYzELMAkG\nA1UEBhMCVVMwHhcNMjQwMzAxMTU0MjQxWhcNMzQwMjI3MTU0MzQxWjB3MS0wKwYD\nVQQuEyQ3ZmFjMmFiZC1kNzRhLTRjYjEtODRjMS1hODAzYzQ0ZDc2MWExIzAhBgNV\nBAMTGkdvb2dsZSBDbG91ZCBTUUwgU2VydmVyIENBMRQwEgYDVQQKEwtHb29nbGUs\nIEluYzELMAkGA1UEBhMCVVMwggEiMA0GCSqGSIb3DQEBAQUAA4IBDwAwggEKAoIB\nAQDK/13EFgNzuX0ZRKPiKQlH8dkqqHI+3z25MtcnrZQYD3i05daxcT5Z6aqjAiFR\nOYsvpfQqCWtN/OvTzdSmPJFLTSpmNbbM3BJL7b32bB09bOPwCj8G19xyNB5gX5us\nANsX0KOduA/dj74IM92exKu+m5iWg0zvsIIiQdpyVrUwe57ThyvfYRDC19AvT6be\nMVpiX9jBKJzsmeKdAWjknqOMq5qhauZcpr/cLijHtYwJLMg3/OhiHWoG3yeifDNd\nYhFQKL5d0Pdb9HgpXdFmSkxryLqhrcjd+n6klHl9MPC0h+AB/hwtTXR6OKQxYlZS\nuJMEgGoCfwLondp/twDQJgC1AgMBAAGjFjAUMBIGA1UdEwEB/wQIMAYBAf8CAQAw\nDQYJKoZIhvcNAQELBQADggEBAGZAk/LAqGCnaBJ+F6+1fjGwLk70uzOp/58WH483\nKCeg8c0w7jQ8/V00F7xKvVYC0tSrNG0cF1HG7kjQ2pCHBTWg6laauji7z/nsiS2k\nUfeB2OJwkBxinJ7M6UflYe9d5A5bnJhXbYBFsr3ZAZX22zSPmf1EJNQcLfDN68hc\n4jd+bhg8PLhJV57vm06OKB+1l+TCvLobnw7dTaOMMX7wH5+0V9g/PnUzan7G7vqH\nh5Z1wFyNJNKAZhzsr6oqEUYArexYdvSmsPAOa3HQFF9Lkww8jWgHZ8SQEviCfu3p\nxlBIIkMxYyBZxpNDp20FROXm5fTejiFlbLWJeKmgyMvFVtw=\n-----END CERTIFICATE-----",
                "common_name": "C=US,O=Google\\, Inc,CN=Google Cloud SQL Server CA,dnQualifier=7fac2abd-d74a-4cb1-84c1-a803c44d761a",
                "create_time": "2024-03-01T15:42:41.488Z",
                "expiration_time": "2034-02-27T15:43:41.488Z",
                "sha1_fingerprint": "f59db3d7b332f19a5a2145b6f4cf8db636327cc4"
              }
            ],
            "service_account_email_address": "p472697767247-xx3ux6@gcp-sa-cloud-sql.iam.gserviceaccount.com",
            "settings": [
              {
                "activation_policy": "ALWAYS",
                "active_directory_config": [],
                "availability_type": "ZONAL",
                "backup_configuration": [
                  {
                    "backup_retention_settings": [
                      {
                        "retained_backups": 7,
                        "retention_unit": "COUNT"
                      }
                    ],
                    "binary_log_enabled": false,
                    "enabled": false,
                    "location": "",
                    "point_in_time_recovery_enabled": false,
                    "start_time": "08:00",
                    "transaction_log_retention_days": 7
                  }
                ],
                "collation": "",
                "connector_enforcement": "NOT_REQUIRED",
                "database_flags": [],
                "deletion_protection_enabled": false,
                "deny_maintenance_period": [],
                "disk_autoresize": true,
                "disk_autoresize_limit": 0,
                "disk_size": 10,
                "disk_type": "PD_SSD",
                "insights_config": [],
                "ip_configuration": [
                  {
                    "allocated_ip_range": "",
                    "authorized_networks": [
                      {
                        "expiration_time": "",
                        "name": "Open",
                        "value": "0.0.0.0/0"
                      }
                    ],
                    "ipv4_enabled": true,
                    "private_network": "",
                    "require_ssl": false
                  }
                ],
                "location_preference": [
                  {
                    "follow_gae_application": "",
                    "secondary_zone": "",
                    "zone": "us-central1-a"
                  }
                ],
                "maintenance_window": [],
                "password_validation_policy": [],
                "pricing_plan": "PER_USE",
                "sql_server_audit_config": [],
                "tier": "db-f1-micro",
                "time_zone": "",
                "user_labels": {},
                "version": 13
              }
            ],
            "timeouts": null
          },
          "sensitive_attributes": [],
          "private": "eyJlMmJmYjczMC1lY2FhLTExZTYtOGY4OC0zNDM2M2JjN2M0YzAiOnsiY3JlYXRlIjoyNDAwMDAwMDAwMDAwLCJkZWxldGUiOjE4MDAwMDAwMDAwMDAsInVwZGF0ZSI6MTgwMDAwMDAwMDAwMH19"
        }
      ]
    },
    {
      "module": "module.mysql-server-vpc",
      "mode": "managed",
      "type": "google_compute_network",
      "name": "nw1",
      "provider": "provider[\"registry.terraform.io/hashicorp/google\"]",
      "instances": [
        {
          "schema_version": 0,
          "attributes": {
            "auto_create_subnetworks": true,
            "delete_default_routes_on_create": false,
            "description": "",
            "enable_ula_internal_ipv6": false,
            "gateway_ipv4": "",
            "id": "projects/sql101-415814/global/networks/mysql-server-vpc",
            "internal_ipv6_range": "",
            "mtu": 0,
            "name": "mysql-server-vpc",
            "project": "sql101-415814",
            "routing_mode": "REGIONAL",
            "self_link": "https://www.googleapis.com/compute/v1/projects/sql101-415814/global/networks/mysql-server-vpc",
            "timeouts": null
          },
          "sensitive_attributes": [],
          "private": "eyJlMmJmYjczMC1lY2FhLTExZTYtOGY4OC0zNDM2M2JjN2M0YzAiOnsiY3JlYXRlIjoxMjAwMDAwMDAwMDAwLCJkZWxldGUiOjEyMDAwMDAwMDAwMDAsInVwZGF0ZSI6MTIwMDAwMDAwMDAwMH19"
        }
      ]
    }
  ],
  "check_results": null
}
